
Microsoft Visual Studio Solution File, Format Version 12.00
# Visual Studio Version 17
VisualStudioVersion = 17.14.36511.14
MinimumVisualStudioVersion = 10.0.40219.1
Project("{FAE04EC0-301F-11D3-BF4B-00C04F79EFBC}") = "archivsoftware", "archivsoftware\archivsoftware.csproj", "{CCEBD9F4-C4F8-49BB-8BFC-B1780E8EFB65}"
EndProject
Project("{FAE04EC0-301F-11D3-BF4B-00C04F79EFBC}") = "archivsoftware.DataAccess", "archivsoftware.DataAccess\archivsoftware.DataAccess.csproj", "{CC8C8EBE-E320-43CE-A5CE-35B5B1125887}"
EndProject
Project("{FAE04EC0-301F-11D3-BF4B-00C04F79EFBC}") = "archivsoftware.Business", "archivsoftware.Business\archivsoftware.Business.csproj", "{D7F86BF2-20FD-47E0-9069-27BEDBF567F9}"
EndProject
Global
	GlobalSection(SolutionConfigurationPlatforms) = preSolution
		Debug|Any CPU = Debug|Any CPU
		Release|Any CPU = Release|Any CPU
	EndGlobalSection
	GlobalSection(ProjectConfigurationPlatforms) = postSolution
		{CCEBD9F4-C4F8-49BB-8BFC-B1780E8EFB65}.Debug|Any CPU.ActiveCfg = Debug|Any CPU
		{CCEBD9F4-C4F8-49BB-8BFC-B1780E8EFB65}.Debug|Any CPU.Build.0 = Debug|Any CPU
		{CCEBD9F4-C4F8-49BB-8BFC-B1780E8EFB65}.Release|Any CPU.ActiveCfg = Release|Any CPU
		{CCEBD9F4-C4F8-49BB-8BFC-B1780E8EFB65}.Release|Any CPU.Build.0 = Release|Any CPU
		{CC8C8EBE-E320-43CE-A5CE-35B5B1125887}.Debug|Any CPU.ActiveCfg = Debug|Any CPU
		{CC8C8EBE-E320-43CE-A5CE-35B5B1125887}.Debug|Any CPU.Build.0 = Debug|Any CPU
		{CC8C8EBE-E320-43CE-A5CE-35B5B1125887}.Release|Any CPU.ActiveCfg = Release|Any CPU
		{CC8C8EBE-E320-43CE-A5CE-35B5B1125887}.Release|Any CPU.Build.0 = Release|Any CPU
		{D7F86BF2-20FD-47E0-9069-27BEDBF567F9}.Debug|Any CPU.ActiveCfg = Debug|Any CPU
		{D7F86BF2-20FD-47E0-9069-27BEDBF567F9}.Debug|Any CPU.Build.0 = Debug|Any CPU
		{D7F86BF2-20FD-47E0-9069-27BEDBF567F9}.Release|Any CPU.ActiveCfg = Release|Any CPU
		{D7F86BF2-20FD-47E0-9069-27BEDBF567F9}.Release|Any CPU.Build.0 = Release|Any CPU
	EndGlobalSection
	GlobalSection(SolutionProperties) = preSolution
		HideSolutionNode = FALSE
	EndGlobalSection
	GlobalSection(ExtensibilityGlobals) = postSolution
		SolutionGuid = {09068E4B-0B86-4177-8F9E-DCC1A1DD8C79}
	EndGlobalSection
EndGlobal
